<Solution>
  <Folder Name="/src/">
    <Project Path="src/Colosseo.StreamDeckClient/Colosseo.StreamDeckClient.csproj" />
    <Project Path="src/StreamdeckPlayground.Shared/StreamdeckPlayground.Shared.csproj" />
    <Project Path="src/StreamdeckPlayground.StreamDeckClient/StreamdeckPlayground.StreamDeckClient.csproj" />
    <Project Path="src/StreamdeckPlayground.StreamDeckService/StreamdeckPlayground.StreamDeckService.csproj" />
    <Project Path="src/StreamdeckPlayground.Web/StreamdeckPlayground.Web.csproj" />
  </Folder>
</Solution>
